
Microsoft Visual Studio Solution File, Format Version 12.00
# Visual Studio Version 17
VisualStudioVersion = 17.0.31903.59
MinimumVisualStudioVersion = 10.0.40219.1
Project("{FAE04EC0-301F-11D3-BF4B-00C04F79EFBC}") = "Company.API", "Company.API\Company.API.csproj", "{33BF983D-6B90-49C5-8D5B-4ED032D986A6}"
EndProject
Global
	GlobalSection(SolutionConfigurationPlatforms) = preSolution
		Debug|Any CPU = Debug|Any CPU
		Release|Any CPU = Release|Any CPU
	EndGlobalSection
	GlobalSection(ProjectConfigurationPlatforms) = postSolution
		{33BF983D-6B90-49C5-8D5B-4ED032D986A6}.Debug|Any CPU.ActiveCfg = Debug|Any CPU
		{33BF983D-6B90-49C5-8D5B-4ED032D986A6}.Debug|Any CPU.Build.0 = Debug|Any CPU
		{33BF983D-6B90-49C5-8D5B-4ED032D986A6}.Release|Any CPU.ActiveCfg = Release|Any CPU
		{33BF983D-6B90-49C5-8D5B-4ED032D986A6}.Release|Any CPU.Build.0 = Release|Any CPU
	EndGlobalSection
	GlobalSection(SolutionProperties) = preSolution
		HideSolutionNode = FALSE
	EndGlobalSection
	GlobalSection(ExtensibilityGlobals) = postSolution
		SolutionGuid = {2E522360-B90C-4C70-8287-38E663304286}
	EndGlobalSection
EndGlobal
